
Microsoft Visual Studio Solution File, Format Version 12.00
# Visual Studio 15
Project("{FAE04EC0-301F-11D3-BF4B-00C04F79EFBC}") = "Unity.Timeline", "Unity.Timeline.csproj", "{5930235B-3CCD-38B5-7571-57AC3DB9FF43}"
EndProject
Project("{FAE04EC0-301F-11D3-BF4B-00C04F79EFBC}") = "Unity.VisualScripting.Flow", "Unity.VisualScripting.Flow.csproj", "{2EC04C87-A23C-3C9C-6D14-60D5C8C44BAD}"
EndProject
Project("{FAE04EC0-301F-11D3-BF4B-00C04F79EFBC}") = "Unity.Timeline.Editor", "Unity.Timeline.Editor.csproj", "{27A36846-C3B7-1D0F-A420-227F7F81B9AE}"
EndProject
Project("{FAE04EC0-301F-11D3-BF4B-00C04F79EFBC}") = "Unity.PlasticSCM.Editor", "Unity.PlasticSCM.Editor.csproj", "{D3BC522B-5E5C-0AF3-5C9B-FDB3E1D2BBBB}"
EndProject
Project("{FAE04EC0-301F-11D3-BF4B-00C04F79EFBC}") = "Unity.VisualScripting.Core.Editor", "Unity.VisualScripting.Core.Editor.csproj", "{87A9BE8C-858F-468B-CD66-1890F1616A06}"
EndProject
Project("{FAE04EC0-301F-11D3-BF4B-00C04F79EFBC}") = "UnityEngine.UI", "UnityEngine.UI.csproj", "{E1F60D0E-FAA1-56A9-6016-D6AF6EDE78A7}"
EndProject
Project("{FAE04EC0-301F-11D3-BF4B-00C04F79EFBC}") = "UnityEditor.TestRunner", "UnityEditor.TestRunner.csproj", "{72C21821-8E40-E8F0-28D4-FA3700F2AA89}"
EndProject
Project("{FAE04EC0-301F-11D3-BF4B-00C04F79EFBC}") = "UnityEngine.TestRunner", "UnityEngine.TestRunner.csproj", "{690A2ECF-04AF-FEDA-E299-8C6F7852DD11}"
EndProject
Project("{FAE04EC0-301F-11D3-BF4B-00C04F79EFBC}") = "Unity.VisualScripting.Core", "Unity.VisualScripting.Core.csproj", "{BA98C8CA-6B90-8882-E6C2-FABBA1563032}"
EndProject
Project("{FAE04EC0-301F-11D3-BF4B-00C04F79EFBC}") = "Unity.VisualScripting.Flow.Editor", "Unity.VisualScripting.Flow.Editor.csproj", "{64290453-1E81-4D3B-B340-47187A2A478E}"
EndProject
Project("{FAE04EC0-301F-11D3-BF4B-00C04F79EFBC}") = "Cinemachine", "Cinemachine.csproj", "{96BD2DE1-649E-A67F-26CD-227576B480B2}"
EndProject
Project("{FAE04EC0-301F-11D3-BF4B-00C04F79EFBC}") = "Unity.VisualStudio.Editor", "Unity.VisualStudio.Editor.csproj", "{AB8EC38D-9E1B-330C-11E2-97CF2500C3B7}"
EndProject
Project("{FAE04EC0-301F-11D3-BF4B-00C04F79EFBC}") = "Unity.TextMeshPro.Editor", "Unity.TextMeshPro.Editor.csproj", "{39B00820-B218-0228-D452-5B52BC1312F5}"
EndProject
Project("{FAE04EC0-301F-11D3-BF4B-00C04F79EFBC}") = "Unity.TestTools.CodeCoverage.Editor.OpenCover.Model", "Unity.TestTools.CodeCoverage.Editor.OpenCover.Model.csproj", "{3364E354-65BD-78B3-ECD8-CEA0D7BA1D1F}"
EndProject
Project("{FAE04EC0-301F-11D3-BF4B-00C04F79EFBC}") = "Unity.Rider.Editor", "Unity.Rider.Editor.csproj", "{759ACC9F-6F15-D9AE-3F67-CDDFF1D7BB01}"
EndProject
Project("{FAE04EC0-301F-11D3-BF4B-00C04F79EFBC}") = "Unity.VisualScripting.State.Editor", "Unity.VisualScripting.State.Editor.csproj", "{E73B6412-55EA-4279-3DC4-7E7896AA5FE0}"
EndProject
Project("{FAE04EC0-301F-11D3-BF4B-00C04F79EFBC}") = "com.unity.cinemachine.editor", "com.unity.cinemachine.editor.csproj", "{153B9484-82D3-0516-06F1-651FAC1E7B35}"
EndProject
Project("{FAE04EC0-301F-11D3-BF4B-00C04F79EFBC}") = "Unity.TestTools.CodeCoverage.Editor", "Unity.TestTools.CodeCoverage.Editor.csproj", "{0EB32F9A-0B86-8223-10DD-0D98F5ADA9E4}"
EndProject
Project("{FAE04EC0-301F-11D3-BF4B-00C04F79EFBC}") = "Unity.VisualScripting.State", "Unity.VisualScripting.State.csproj", "{F6990A48-5297-9147-9686-6DE9707D1358}"
EndProject
Project("{FAE04EC0-301F-11D3-BF4B-00C04F79EFBC}") = "Unity.Performance.Profile-Analyzer.Editor", "Unity.Performance.Profile-Analyzer.Editor.csproj", "{73C26727-0D02-014C-0C31-39B191EC462E}"
EndProject
Project("{FAE04EC0-301F-11D3-BF4B-00C04F79EFBC}") = "UnityEditor.UI", "UnityEditor.UI.csproj", "{5F810D12-7042-749D-295A-F9D9F77D56C0}"
EndProject
Project("{FAE04EC0-301F-11D3-BF4B-00C04F79EFBC}") = "Unity.TextMeshPro", "Unity.TextMeshPro.csproj", "{75272A32-AE34-1E45-9AB0-C4DE10CCC1E4}"
EndProject
Project("{FAE04EC0-301F-11D3-BF4B-00C04F79EFBC}") = "Unity.VisualScripting.SettingsProvider.Editor", "Unity.VisualScripting.SettingsProvider.Editor.csproj", "{CC1261B2-7FE4-613D-CFFE-4FF78FD578EA}"
EndProject
Project("{FAE04EC0-301F-11D3-BF4B-00C04F79EFBC}") = "Unity.TestTools.CodeCoverage.Editor.OpenCover.Mono.Reflection", "Unity.TestTools.CodeCoverage.Editor.OpenCover.Mono.Reflection.csproj", "{96111A2B-17B5-DE55-6C12-3C96EF4691A8}"
EndProject
Project("{FAE04EC0-301F-11D3-BF4B-00C04F79EFBC}") = "Unity.Settings.Editor", "Unity.Settings.Editor.csproj", "{92610760-CBCB-A3EB-746C-006D1E7F3C15}"
EndProject
Project("{FAE04EC0-301F-11D3-BF4B-00C04F79EFBC}") = "Assembly-CSharp", "Assembly-CSharp.csproj", "{157158C1-9B70-7173-7AAE-849BA2447A0D}"
EndProject
Project("{FAE04EC0-301F-11D3-BF4B-00C04F79EFBC}") = "Unity.VisualScripting.Shared.Editor", "Unity.VisualScripting.Shared.Editor.csproj", "{4FE12531-B40F-62B6-B424-753F0445C6F5}"
EndProject
Project("{FAE04EC0-301F-11D3-BF4B-00C04F79EFBC}") = "Unity.EditorCoroutines.Editor", "Unity.EditorCoroutines.Editor.csproj", "{D28D1DDB-FE4C-63AC-52F5-BD6128100A94}"
EndProject
Project("{FAE04EC0-301F-11D3-BF4B-00C04F79EFBC}") = "Unity.CollabProxy.Editor", "Unity.CollabProxy.Editor.csproj", "{88A4D257-89D9-7AB9-9A00-1E6991820131}"
EndProject
Project("{FAE04EC0-301F-11D3-BF4B-00C04F79EFBC}") = "Unity.Timeline", "Unity.Timeline.Player.csproj", "{A0F0A57F-FC03-5E0B-7E06-32969BF44555}"
EndProject
Project("{FAE04EC0-301F-11D3-BF4B-00C04F79EFBC}") = "Unity.VisualScripting.Flow", "Unity.VisualScripting.Flow.Player.csproj", "{7D8A2722-3F10-AA18-9CD7-66C671000D7F}"
EndProject
Project("{FAE04EC0-301F-11D3-BF4B-00C04F79EFBC}") = "UnityEngine.UI", "UnityEngine.UI.Player.csproj", "{D427D71E-F3BF-400B-0D8E-843C620CCB4C}"
EndProject
Project("{FAE04EC0-301F-11D3-BF4B-00C04F79EFBC}") = "UnityEngine.TestRunner", "UnityEngine.TestRunner.Player.csproj", "{B4DF7539-929C-13A4-C9C3-45BF93EC9F4F}"
EndProject
Project("{FAE04EC0-301F-11D3-BF4B-00C04F79EFBC}") = "Unity.VisualScripting.Core", "Unity.VisualScripting.Core.Player.csproj", "{915684F0-BD17-BF94-126C-DAF5037DF2F3}"
EndProject
Project("{FAE04EC0-301F-11D3-BF4B-00C04F79EFBC}") = "Cinemachine", "Cinemachine.Player.csproj", "{8DDD9275-5970-1902-0C2C-7C9693787E0E}"
EndProject
Project("{FAE04EC0-301F-11D3-BF4B-00C04F79EFBC}") = "Unity.VisualScripting.State", "Unity.VisualScripting.State.Player.csproj", "{ABAC43FB-29D1-EABF-0014-74FBAEC98038}"
EndProject
Project("{FAE04EC0-301F-11D3-BF4B-00C04F79EFBC}") = "Unity.TextMeshPro", "Unity.TextMeshPro.Player.csproj", "{11B33E91-D143-CEDA-BBF9-E7B4B574255E}"
EndProject
Project("{FAE04EC0-301F-11D3-BF4B-00C04F79EFBC}") = "Assembly-CSharp", "Assembly-CSharp.Player.csproj", "{28E626EF-C490-76AA-4E16-ECCE30B04392}"
EndProject
Global
	GlobalSection(SolutionConfigurationPlatforms) = preSolution
		Debug|Any CPU = Debug|Any CPU
		Release|Any CPU = Release|Any CPU
	EndGlobalSection
	GlobalSection(ProjectConfigurationPlatforms) = postSolution
		{5930235B-3CCD-38B5-7571-57AC3DB9FF43}.Debug|Any CPU.ActiveCfg = Debug|Any CPU
		{5930235B-3CCD-38B5-7571-57AC3DB9FF43}.Debug|Any CPU.Build.0 = Debug|Any CPU
		{5930235B-3CCD-38B5-7571-57AC3DB9FF43}.Release|Any CPU.ActiveCfg = Release|Any CPU
		{5930235B-3CCD-38B5-7571-57AC3DB9FF43}.Release|Any CPU.Build.0 = Release|Any CPU
		{2EC04C87-A23C-3C9C-6D14-60D5C8C44BAD}.Debug|Any CPU.ActiveCfg = Debug|Any CPU
		{2EC04C87-A23C-3C9C-6D14-60D5C8C44BAD}.Debug|Any CPU.Build.0 = Debug|Any CPU
		{2EC04C87-A23C-3C9C-6D14-60D5C8C44BAD}.Release|Any CPU.ActiveCfg = Release|Any CPU
		{2EC04C87-A23C-3C9C-6D14-60D5C8C44BAD}.Release|Any CPU.Build.0 = Release|Any CPU
		{27A36846-C3B7-1D0F-A420-227F7F81B9AE}.Debug|Any CPU.ActiveCfg = Debug|Any CPU
		{27A36846-C3B7-1D0F-A420-227F7F81B9AE}.Debug|Any CPU.Build.0 = Debug|Any CPU
		{27A36846-C3B7-1D0F-A420-227F7F81B9AE}.Release|Any CPU.ActiveCfg = Release|Any CPU
		{27A36846-C3B7-1D0F-A420-227F7F81B9AE}.Release|Any CPU.Build.0 = Release|Any CPU
		{D3BC522B-5E5C-0AF3-5C9B-FDB3E1D2BBBB}.Debug|Any CPU.ActiveCfg = Debug|Any CPU
		{D3BC522B-5E5C-0AF3-5C9B-FDB3E1D2BBBB}.Debug|Any CPU.Build.0 = Debug|Any CPU
		{D3BC522B-5E5C-0AF3-5C9B-FDB3E1D2BBBB}.Release|Any CPU.ActiveCfg = Release|Any CPU
		{D3BC522B-5E5C-0AF3-5C9B-FDB3E1D2BBBB}.Release|Any CPU.Build.0 = Release|Any CPU
		{87A9BE8C-858F-468B-CD66-1890F1616A06}.Debug|Any CPU.ActiveCfg = Debug|Any CPU
		{87A9BE8C-858F-468B-CD66-1890F1616A06}.Debug|Any CPU.Build.0 = Debug|Any CPU
		{87A9BE8C-858F-468B-CD66-1890F1616A06}.Release|Any CPU.ActiveCfg = Release|Any CPU
		{87A9BE8C-858F-468B-CD66-1890F1616A06}.Release|Any CPU.Build.0 = Release|Any CPU
		{E1F60D0E-FAA1-56A9-6016-D6AF6EDE78A7}.Debug|Any CPU.ActiveCfg = Debug|Any CPU
		{E1F60D0E-FAA1-56A9-6016-D6AF6EDE78A7}.Debug|Any CPU.Build.0 = Debug|Any CPU
		{E1F60D0E-FAA1-56A9-6016-D6AF6EDE78A7}.Release|Any CPU.ActiveCfg = Release|Any CPU
		{E1F60D0E-FAA1-56A9-6016-D6AF6EDE78A7}.Release|Any CPU.Build.0 = Release|Any CPU
		{72C21821-8E40-E8F0-28D4-FA3700F2AA89}.Debug|Any CPU.ActiveCfg = Debug|Any CPU
		{72C21821-8E40-E8F0-28D4-FA3700F2AA89}.Debug|Any CPU.Build.0 = Debug|Any CPU
		{72C21821-8E40-E8F0-28D4-FA3700F2AA89}.Release|Any CPU.ActiveCfg = Release|Any CPU
		{72C21821-8E40-E8F0-28D4-FA3700F2AA89}.Release|Any CPU.Build.0 = Release|Any CPU
		{690A2ECF-04AF-FEDA-E299-8C6F7852DD11}.Debug|Any CPU.ActiveCfg = Debug|Any CPU
		{690A2ECF-04AF-FEDA-E299-8C6F7852DD11}.Debug|Any CPU.Build.0 = Debug|Any CPU
		{690A2ECF-04AF-FEDA-E299-8C6F7852DD11}.Release|Any CPU.ActiveCfg = Release|Any CPU
		{690A2ECF-04AF-FEDA-E299-8C6F7852DD11}.Release|Any CPU.Build.0 = Release|Any CPU
		{BA98C8CA-6B90-8882-E6C2-FABBA1563032}.Debug|Any CPU.ActiveCfg = Debug|Any CPU
		{BA98C8CA-6B90-8882-E6C2-FABBA1563032}.Debug|Any CPU.Build.0 = Debug|Any CPU
		{BA98C8CA-6B90-8882-E6C2-FABBA1563032}.Release|Any CPU.ActiveCfg = Release|Any CPU
		{BA98C8CA-6B90-8882-E6C2-FABBA1563032}.Release|Any CPU.Build.0 = Release|Any CPU
		{64290453-1E81-4D3B-B340-47187A2A478E}.Debug|Any CPU.ActiveCfg = Debug|Any CPU
		{64290453-1E81-4D3B-B340-47187A2A478E}.Debug|Any CPU.Build.0 = Debug|Any CPU
		{64290453-1E81-4D3B-B340-47187A2A478E}.Release|Any CPU.ActiveCfg = Release|Any CPU
		{64290453-1E81-4D3B-B340-47187A2A478E}.Release|Any CPU.Build.0 = Release|Any CPU
		{96BD2DE1-649E-A67F-26CD-227576B480B2}.Debug|Any CPU.ActiveCfg = Debug|Any CPU
		{96BD2DE1-649E-A67F-26CD-227576B480B2}.Debug|Any CPU.Build.0 = Debug|Any CPU
		{96BD2DE1-649E-A67F-26CD-227576B480B2}.Release|Any CPU.ActiveCfg = Release|Any CPU
		{96BD2DE1-649E-A67F-26CD-227576B480B2}.Release|Any CPU.Build.0 = Release|Any CPU
		{AB8EC38D-9E1B-330C-11E2-97CF2500C3B7}.Debug|Any CPU.ActiveCfg = Debug|Any CPU
		{AB8EC38D-9E1B-330C-11E2-97CF2500C3B7}.Debug|Any CPU.Build.0 = Debug|Any CPU
		{AB8EC38D-9E1B-330C-11E2-97CF2500C3B7}.Release|Any CPU.ActiveCfg = Release|Any CPU
		{AB8EC38D-9E1B-330C-11E2-97CF2500C3B7}.Release|Any CPU.Build.0 = Release|Any CPU
		{39B00820-B218-0228-D452-5B52BC1312F5}.Debug|Any CPU.ActiveCfg = Debug|Any CPU
		{39B00820-B218-0228-D452-5B52BC1312F5}.Debug|Any CPU.Build.0 = Debug|Any CPU
		{39B00820-B218-0228-D452-5B52BC1312F5}.Release|Any CPU.ActiveCfg = Release|Any CPU
		{39B00820-B218-0228-D452-5B52BC1312F5}.Release|Any CPU.Build.0 = Release|Any CPU
		{3364E354-65BD-78B3-ECD8-CEA0D7BA1D1F}.Debug|Any CPU.ActiveCfg = Debug|Any CPU
		{3364E354-65BD-78B3-ECD8-CEA0D7BA1D1F}.Debug|Any CPU.Build.0 = Debug|Any CPU
		{3364E354-65BD-78B3-ECD8-CEA0D7BA1D1F}.Release|Any CPU.ActiveCfg = Release|Any CPU
		{3364E354-65BD-78B3-ECD8-CEA0D7BA1D1F}.Release|Any CPU.Build.0 = Release|Any CPU
		{759ACC9F-6F15-D9AE-3F67-CDDFF1D7BB01}.Debug|Any CPU.ActiveCfg = Debug|Any CPU
		{759ACC9F-6F15-D9AE-3F67-CDDFF1D7BB01}.Debug|Any CPU.Build.0 = Debug|Any CPU
		{759ACC9F-6F15-D9AE-3F67-CDDFF1D7BB01}.Release|Any CPU.ActiveCfg = Release|Any CPU
		{759ACC9F-6F15-D9AE-3F67-CDDFF1D7BB01}.Release|Any CPU.Build.0 = Release|Any CPU
		{E73B6412-55EA-4279-3DC4-7E7896AA5FE0}.Debug|Any CPU.ActiveCfg = Debug|Any CPU
		{E73B6412-55EA-4279-3DC4-7E7896AA5FE0}.Debug|Any CPU.Build.0 = Debug|Any CPU
		{E73B6412-55EA-4279-3DC4-7E7896AA5FE0}.Release|Any CPU.ActiveCfg = Release|Any CPU
		{E73B6412-55EA-4279-3DC4-7E7896AA5FE0}.Release|Any CPU.Build.0 = Release|Any CPU
		{153B9484-82D3-0516-06F1-651FAC1E7B35}.Debug|Any CPU.ActiveCfg = Debug|Any CPU
		{153B9484-82D3-0516-06F1-651FAC1E7B35}.Debug|Any CPU.Build.0 = Debug|Any CPU
		{153B9484-82D3-0516-06F1-651FAC1E7B35}.Release|Any CPU.ActiveCfg = Release|Any CPU
		{153B9484-82D3-0516-06F1-651FAC1E7B35}.Release|Any CPU.Build.0 = Release|Any CPU
		{0EB32F9A-0B86-8223-10DD-0D98F5ADA9E4}.Debug|Any CPU.ActiveCfg = Debug|Any CPU
		{0EB32F9A-0B86-8223-10DD-0D98F5ADA9E4}.Debug|Any CPU.Build.0 = Debug|Any CPU
		{0EB32F9A-0B86-8223-10DD-0D98F5ADA9E4}.Release|Any CPU.ActiveCfg = Release|Any CPU
		{0EB32F9A-0B86-8223-10DD-0D98F5ADA9E4}.Release|Any CPU.Build.0 = Release|Any CPU
		{F6990A48-5297-9147-9686-6DE9707D1358}.Debug|Any CPU.ActiveCfg = Debug|Any CPU
		{F6990A48-5297-9147-9686-6DE9707D1358}.Debug|Any CPU.Build.0 = Debug|Any CPU
		{F6990A48-5297-9147-9686-6DE9707D1358}.Release|Any CPU.ActiveCfg = Release|Any CPU
		{F6990A48-5297-9147-9686-6DE9707D1358}.Release|Any CPU.Build.0 = Release|Any CPU
		{73C26727-0D02-014C-0C31-39B191EC462E}.Debug|Any CPU.ActiveCfg = Debug|Any CPU
		{73C26727-0D02-014C-0C31-39B191EC462E}.Debug|Any CPU.Build.0 = Debug|Any CPU
		{73C26727-0D02-014C-0C31-39B191EC462E}.Release|Any CPU.ActiveCfg = Release|Any CPU
		{73C26727-0D02-014C-0C31-39B191EC462E}.Release|Any CPU.Build.0 = Release|Any CPU
		{5F810D12-7042-749D-295A-F9D9F77D56C0}.Debug|Any CPU.ActiveCfg = Debug|Any CPU
		{5F810D12-7042-749D-295A-F9D9F77D56C0}.Debug|Any CPU.Build.0 = Debug|Any CPU
		{5F810D12-7042-749D-295A-F9D9F77D56C0}.Release|Any CPU.ActiveCfg = Release|Any CPU
		{5F810D12-7042-749D-295A-F9D9F77D56C0}.Release|Any CPU.Build.0 = Release|Any CPU
		{75272A32-AE34-1E45-9AB0-C4DE10CCC1E4}.Debug|Any CPU.ActiveCfg = Debug|Any CPU
		{75272A32-AE34-1E45-9AB0-C4DE10CCC1E4}.Debug|Any CPU.Build.0 = Debug|Any CPU
		{75272A32-AE34-1E45-9AB0-C4DE10CCC1E4}.Release|Any CPU.ActiveCfg = Release|Any CPU
		{75272A32-AE34-1E45-9AB0-C4DE10CCC1E4}.Release|Any CPU.Build.0 = Release|Any CPU
		{CC1261B2-7FE4-613D-CFFE-4FF78FD578EA}.Debug|Any CPU.ActiveCfg = Debug|Any CPU
		{CC1261B2-7FE4-613D-CFFE-4FF78FD578EA}.Debug|Any CPU.Build.0 = Debug|Any CPU
		{CC1261B2-7FE4-613D-CFFE-4FF78FD578EA}.Release|Any CPU.ActiveCfg = Release|Any CPU
		{CC1261B2-7FE4-613D-CFFE-4FF78FD578EA}.Release|Any CPU.Build.0 = Release|Any CPU
		{96111A2B-17B5-DE55-6C12-3C96EF4691A8}.Debug|Any CPU.ActiveCfg = Debug|Any CPU
		{96111A2B-17B5-DE55-6C12-3C96EF4691A8}.Debug|Any CPU.Build.0 = Debug|Any CPU
		{96111A2B-17B5-DE55-6C12-3C96EF4691A8}.Release|Any CPU.ActiveCfg = Release|Any CPU
		{96111A2B-17B5-DE55-6C12-3C96EF4691A8}.Release|Any CPU.Build.0 = Release|Any CPU
		{92610760-CBCB-A3EB-746C-006D1E7F3C15}.Debug|Any CPU.ActiveCfg = Debug|Any CPU
		{92610760-CBCB-A3EB-746C-006D1E7F3C15}.Debug|Any CPU.Build.0 = Debug|Any CPU
		{92610760-CBCB-A3EB-746C-006D1E7F3C15}.Release|Any CPU.ActiveCfg = Release|Any CPU
		{92610760-CBCB-A3EB-746C-006D1E7F3C15}.Release|Any CPU.Build.0 = Release|Any CPU
		{157158C1-9B70-7173-7AAE-849BA2447A0D}.Debug|Any CPU.ActiveCfg = Debug|Any CPU
		{157158C1-9B70-7173-7AAE-849BA2447A0D}.Debug|Any CPU.Build.0 = Debug|Any CPU
		{157158C1-9B70-7173-7AAE-849BA2447A0D}.Release|Any CPU.ActiveCfg = Release|Any CPU
		{157158C1-9B70-7173-7AAE-849BA2447A0D}.Release|Any CPU.Build.0 = Release|Any CPU
		{4FE12531-B40F-62B6-B424-753F0445C6F5}.Debug|Any CPU.ActiveCfg = Debug|Any CPU
		{4FE12531-B40F-62B6-B424-753F0445C6F5}.Debug|Any CPU.Build.0 = Debug|Any CPU
		{4FE12531-B40F-62B6-B424-753F0445C6F5}.Release|Any CPU.ActiveCfg = Release|Any CPU
		{4FE12531-B40F-62B6-B424-753F0445C6F5}.Release|Any CPU.Build.0 = Release|Any CPU
		{D28D1DDB-FE4C-63AC-52F5-BD6128100A94}.Debug|Any CPU.ActiveCfg = Debug|Any CPU
		{D28D1DDB-FE4C-63AC-52F5-BD6128100A94}.Debug|Any CPU.Build.0 = Debug|Any CPU
		{D28D1DDB-FE4C-63AC-52F5-BD6128100A94}.Release|Any CPU.ActiveCfg = Release|Any CPU
		{D28D1DDB-FE4C-63AC-52F5-BD6128100A94}.Release|Any CPU.Build.0 = Release|Any CPU
		{88A4D257-89D9-7AB9-9A00-1E6991820131}.Debug|Any CPU.ActiveCfg = Debug|Any CPU
		{88A4D257-89D9-7AB9-9A00-1E6991820131}.Debug|Any CPU.Build.0 = Debug|Any CPU
		{88A4D257-89D9-7AB9-9A00-1E6991820131}.Release|Any CPU.ActiveCfg = Release|Any CPU
		{88A4D257-89D9-7AB9-9A00-1E6991820131}.Release|Any CPU.Build.0 = Release|Any CPU
		{A0F0A57F-FC03-5E0B-7E06-32969BF44555}.Debug|Any CPU.ActiveCfg = Debug|Any CPU
		{A0F0A57F-FC03-5E0B-7E06-32969BF44555}.Debug|Any CPU.Build.0 = Debug|Any CPU
		{A0F0A57F-FC03-5E0B-7E06-32969BF44555}.Release|Any CPU.ActiveCfg = Release|Any CPU
		{A0F0A57F-FC03-5E0B-7E06-32969BF44555}.Release|Any CPU.Build.0 = Release|Any CPU
		{7D8A2722-3F10-AA18-9CD7-66C671000D7F}.Debug|Any CPU.ActiveCfg = Debug|Any CPU
		{7D8A2722-3F10-AA18-9CD7-66C671000D7F}.Debug|Any CPU.Build.0 = Debug|Any CPU
		{7D8A2722-3F10-AA18-9CD7-66C671000D7F}.Release|Any CPU.ActiveCfg = Release|Any CPU
		{7D8A2722-3F10-AA18-9CD7-66C671000D7F}.Release|Any CPU.Build.0 = Release|Any CPU
		{D427D71E-F3BF-400B-0D8E-843C620CCB4C}.Debug|Any CPU.ActiveCfg = Debug|Any CPU
		{D427D71E-F3BF-400B-0D8E-843C620CCB4C}.Debug|Any CPU.Build.0 = Debug|Any CPU
		{D427D71E-F3BF-400B-0D8E-843C620CCB4C}.Release|Any CPU.ActiveCfg = Release|Any CPU
		{D427D71E-F3BF-400B-0D8E-843C620CCB4C}.Release|Any CPU.Build.0 = Release|Any CPU
		{B4DF7539-929C-13A4-C9C3-45BF93EC9F4F}.Debug|Any CPU.ActiveCfg = Debug|Any CPU
		{B4DF7539-929C-13A4-C9C3-45BF93EC9F4F}.Debug|Any CPU.Build.0 = Debug|Any CPU
		{B4DF7539-929C-13A4-C9C3-45BF93EC9F4F}.Release|Any CPU.ActiveCfg = Release|Any CPU
		{B4DF7539-929C-13A4-C9C3-45BF93EC9F4F}.Release|Any CPU.Build.0 = Release|Any CPU
		{915684F0-BD17-BF94-126C-DAF5037DF2F3}.Debug|Any CPU.ActiveCfg = Debug|Any CPU
		{915684F0-BD17-BF94-126C-DAF5037DF2F3}.Debug|Any CPU.Build.0 = Debug|Any CPU
		{915684F0-BD17-BF94-126C-DAF5037DF2F3}.Release|Any CPU.ActiveCfg = Release|Any CPU
		{915684F0-BD17-BF94-126C-DAF5037DF2F3}.Release|Any CPU.Build.0 = Release|Any CPU
		{8DDD9275-5970-1902-0C2C-7C9693787E0E}.Debug|Any CPU.ActiveCfg = Debug|Any CPU
		{8DDD9275-5970-1902-0C2C-7C9693787E0E}.Debug|Any CPU.Build.0 = Debug|Any CPU
		{8DDD9275-5970-1902-0C2C-7C9693787E0E}.Release|Any CPU.ActiveCfg = Release|Any CPU
		{8DDD9275-5970-1902-0C2C-7C9693787E0E}.Release|Any CPU.Build.0 = Release|Any CPU
		{ABAC43FB-29D1-EABF-0014-74FBAEC98038}.Debug|Any CPU.ActiveCfg = Debug|Any CPU
		{ABAC43FB-29D1-EABF-0014-74FBAEC98038}.Debug|Any CPU.Build.0 = Debug|Any CPU
		{ABAC43FB-29D1-EABF-0014-74FBAEC98038}.Release|Any CPU.ActiveCfg = Release|Any CPU
		{ABAC43FB-29D1-EABF-0014-74FBAEC98038}.Release|Any CPU.Build.0 = Release|Any CPU
		{11B33E91-D143-CEDA-BBF9-E7B4B574255E}.Debug|Any CPU.ActiveCfg = Debug|Any CPU
		{11B33E91-D143-CEDA-BBF9-E7B4B574255E}.Debug|Any CPU.Build.0 = Debug|Any CPU
		{11B33E91-D143-CEDA-BBF9-E7B4B574255E}.Release|Any CPU.ActiveCfg = Release|Any CPU
		{11B33E91-D143-CEDA-BBF9-E7B4B574255E}.Release|Any CPU.Build.0 = Release|Any CPU
		{28E626EF-C490-76AA-4E16-ECCE30B04392}.Debug|Any CPU.ActiveCfg = Debug|Any CPU
		{28E626EF-C490-76AA-4E16-ECCE30B04392}.Debug|Any CPU.Build.0 = Debug|Any CPU
		{28E626EF-C490-76AA-4E16-ECCE30B04392}.Release|Any CPU.ActiveCfg = Release|Any CPU
		{28E626EF-C490-76AA-4E16-ECCE30B04392}.Release|Any CPU.Build.0 = Release|Any CPU
	EndGlobalSection
	GlobalSection(SolutionProperties) = preSolution
		HideSolutionNode = FALSE
	EndGlobalSection
EndGlobal
